dependencies:
- name: postgrest
  repository: file://../postgrest
  version: 0.1.7
- name: supabase-meta
  repository: file://../supabase-meta
  version: 0.1.7
- name: supabase-storage
  repository: file://../supabase-storage
  version: 0.1.9
- name: supabase-studio
  repository: file://../supabase-studio
  version: 0.1.12
- name: openfga
  repository: https://openfga.github.io/helm-charts
  version: 0.2.39
digest: sha256:f8b08c8e9f40eea1a386c914c7fa2c1d67331249a4e6cb8ffe60a561c81ceb5e
generated: "2025-08-03T11:56:53.233816+08:00"
