dependencies:
- name: auth
  repository: file://../auth
  version: 0.1.0
- name: meta
  repository: file://../meta
  version: 0.1.0
- name: rest
  repository: file://../rest
  version: 0.1.0
- name: storage
  repository: file://../storage
  version: 0.1.0
- name: studio
  repository: file://../studio
  version: 0.1.0
- name: kong
  repository: file://../kong
  version: 0.1.0
digest: sha256:48f359b461c5ae336ae490bc120bfbae46693b6bd09151c4064a677165b82452
generated: "2025-07-22T17:49:16.46451+08:00"
